
Microsoft Visual Studio Solution File, Format Version 12.00
# Visual Studio 2013
VisualStudioVersion = 12.0.31101.0
MinimumVisualStudioVersion = 10.0.40219.1
Project("{FAE04EC0-301F-11D3-BF4B-00C04F79EFBC}") = "SISTEMA_cmykART", "SISTEMA_cmykART\SISTEMA_cmykART.csproj", "{3726DCF2-A621-4686-B285-3747A903728E}"
EndProject
Project("{FAE04EC0-301F-11D3-BF4B-00C04F79EFBC}") = "CapaDatos", "CapaDatos\CapaDatos.csproj", "{FDBD1F52-A352-4759-9FBA-B120A67514F2}"
EndProject
Project("{FAE04EC0-301F-11D3-BF4B-00C04F79EFBC}") = "CapaPresentacion", "CapaPresentacion\CapaPresentacion.csproj", "{730AC399-1320-4E73-B13D-041E99A91600}"
EndProject
Project("{FAE04EC0-301F-11D3-BF4B-00C04F79EFBC}") = "CapaNegocio", "CapaNegocio\CapaNegocio.csproj", "{235420C0-5D9E-4382-906E-BB3F65F416A2}"
EndProject
Project("{6141683F-8A12-4E36-9623-2EB02B2C2303}") = "Instalador Sistema CMYKART", "Instalador Sistema CMYKART\Instalador Sistema CMYKART.isproj", "{10687213-36E4-4739-9E47-C441CFA223FC}"
EndProject
Global
	GlobalSection(SolutionConfigurationPlatforms) = preSolution
		CD_ROM|Any CPU = CD_ROM|Any CPU
		Debug|Any CPU = Debug|Any CPU
		DVD-5|Any CPU = DVD-5|Any CPU
		Release|Any CPU = Release|Any CPU
		SingleImage|Any CPU = SingleImage|Any CPU
	EndGlobalSection
	GlobalSection(ProjectConfigurationPlatforms) = postSolution
		{3726DCF2-A621-4686-B285-3747A903728E}.CD_ROM|Any CPU.ActiveCfg = Release|Any CPU
		{3726DCF2-A621-4686-B285-3747A903728E}.CD_ROM|Any CPU.Build.0 = Release|Any CPU
		{3726DCF2-A621-4686-B285-3747A903728E}.Debug|Any CPU.ActiveCfg = Debug|Any CPU
		{3726DCF2-A621-4686-B285-3747A903728E}.Debug|Any CPU.Build.0 = Debug|Any CPU
		{3726DCF2-A621-4686-B285-3747A903728E}.DVD-5|Any CPU.ActiveCfg = Debug|Any CPU
		{3726DCF2-A621-4686-B285-3747A903728E}.DVD-5|Any CPU.Build.0 = Debug|Any CPU
		{3726DCF2-A621-4686-B285-3747A903728E}.Release|Any CPU.ActiveCfg = Release|Any CPU
		{3726DCF2-A621-4686-B285-3747A903728E}.Release|Any CPU.Build.0 = Release|Any CPU
		{3726DCF2-A621-4686-B285-3747A903728E}.SingleImage|Any CPU.ActiveCfg = Release|Any CPU
		{3726DCF2-A621-4686-B285-3747A903728E}.SingleImage|Any CPU.Build.0 = Release|Any CPU
		{FDBD1F52-A352-4759-9FBA-B120A67514F2}.CD_ROM|Any CPU.ActiveCfg = Release|Any CPU
		{FDBD1F52-A352-4759-9FBA-B120A67514F2}.CD_ROM|Any CPU.Build.0 = Release|Any CPU
		{FDBD1F52-A352-4759-9FBA-B120A67514F2}.Debug|Any CPU.ActiveCfg = Debug|Any CPU
		{FDBD1F52-A352-4759-9FBA-B120A67514F2}.Debug|Any CPU.Build.0 = Debug|Any CPU
		{FDBD1F52-A352-4759-9FBA-B120A67514F2}.DVD-5|Any CPU.ActiveCfg = Debug|Any CPU
		{FDBD1F52-A352-4759-9FBA-B120A67514F2}.DVD-5|Any CPU.Build.0 = Debug|Any CPU
		{FDBD1F52-A352-4759-9FBA-B120A67514F2}.Release|Any CPU.ActiveCfg = Release|Any CPU
		{FDBD1F52-A352-4759-9FBA-B120A67514F2}.Release|Any CPU.Build.0 = Release|Any CPU
		{FDBD1F52-A352-4759-9FBA-B120A67514F2}.SingleImage|Any CPU.ActiveCfg = Release|Any CPU
		{FDBD1F52-A352-4759-9FBA-B120A67514F2}.SingleImage|Any CPU.Build.0 = Release|Any CPU
		{730AC399-1320-4E73-B13D-041E99A91600}.CD_ROM|Any CPU.ActiveCfg = Release|Any CPU
		{730AC399-1320-4E73-B13D-041E99A91600}.CD_ROM|Any CPU.Build.0 = Release|Any CPU
		{730AC399-1320-4E73-B13D-041E99A91600}.Debug|Any CPU.ActiveCfg = Debug|Any CPU
		{730AC399-1320-4E73-B13D-041E99A91600}.Debug|Any CPU.Build.0 = Debug|Any CPU
		{730AC399-1320-4E73-B13D-041E99A91600}.DVD-5|Any CPU.ActiveCfg = Debug|Any CPU
		{730AC399-1320-4E73-B13D-041E99A91600}.DVD-5|Any CPU.Build.0 = Debug|Any CPU
		{730AC399-1320-4E73-B13D-041E99A91600}.Release|Any CPU.ActiveCfg = Release|Any CPU
		{730AC399-1320-4E73-B13D-041E99A91600}.Release|Any CPU.Build.0 = Release|Any CPU
		{730AC399-1320-4E73-B13D-041E99A91600}.SingleImage|Any CPU.ActiveCfg = Release|Any CPU
		{730AC399-1320-4E73-B13D-041E99A91600}.SingleImage|Any CPU.Build.0 = Release|Any CPU
		{235420C0-5D9E-4382-906E-BB3F65F416A2}.CD_ROM|Any CPU.ActiveCfg = Release|Any CPU
		{235420C0-5D9E-4382-906E-BB3F65F416A2}.CD_ROM|Any CPU.Build.0 = Release|Any CPU
		{235420C0-5D9E-4382-906E-BB3F65F416A2}.Debug|Any CPU.ActiveCfg = Debug|Any CPU
		{235420C0-5D9E-4382-906E-BB3F65F416A2}.Debug|Any CPU.Build.0 = Debug|Any CPU
		{235420C0-5D9E-4382-906E-BB3F65F416A2}.DVD-5|Any CPU.ActiveCfg = Debug|Any CPU
		{235420C0-5D9E-4382-906E-BB3F65F416A2}.DVD-5|Any CPU.Build.0 = Debug|Any CPU
		{235420C0-5D9E-4382-906E-BB3F65F416A2}.Release|Any CPU.ActiveCfg = Release|Any CPU
		{235420C0-5D9E-4382-906E-BB3F65F416A2}.Release|Any CPU.Build.0 = Release|Any CPU
		{235420C0-5D9E-4382-906E-BB3F65F416A2}.SingleImage|Any CPU.ActiveCfg = Release|Any CPU
		{235420C0-5D9E-4382-906E-BB3F65F416A2}.SingleImage|Any CPU.Build.0 = Release|Any CPU
		{10687213-36E4-4739-9E47-C441CFA223FC}.CD_ROM|Any CPU.ActiveCfg = CD_ROM
		{10687213-36E4-4739-9E47-C441CFA223FC}.CD_ROM|Any CPU.Build.0 = CD_ROM
		{10687213-36E4-4739-9E47-C441CFA223FC}.Debug|Any CPU.ActiveCfg = DVD-5
		{10687213-36E4-4739-9E47-C441CFA223FC}.Debug|Any CPU.Build.0 = DVD-5
		{10687213-36E4-4739-9E47-C441CFA223FC}.DVD-5|Any CPU.ActiveCfg = DVD-5
		{10687213-36E4-4739-9E47-C441CFA223FC}.DVD-5|Any CPU.Build.0 = DVD-5
		{10687213-36E4-4739-9E47-C441CFA223FC}.Release|Any CPU.ActiveCfg = SingleImage
		{10687213-36E4-4739-9E47-C441CFA223FC}.Release|Any CPU.Build.0 = SingleImage
		{10687213-36E4-4739-9E47-C441CFA223FC}.SingleImage|Any CPU.ActiveCfg = SingleImage
		{10687213-36E4-4739-9E47-C441CFA223FC}.SingleImage|Any CPU.Build.0 = SingleImage
	EndGlobalSection
	GlobalSection(SolutionProperties) = preSolution
		HideSolutionNode = FALSE
	EndGlobalSection
EndGlobal
